
Microsoft Visual Studio Solution File, Format Version 12.00
# Visual Studio Version 17
VisualStudioVersion = 17.11.35312.102
MinimumVisualStudioVersion = 10.0.40219.1
Project("{9A19103F-16F7-4668-BE54-9A1E7A4F7556}") = "Zafiro.Avalonia.Dialogs", "src\Zafiro.Avalonia.Dialogs\Zafiro.Avalonia.Dialogs.csproj", "{94A2F49C-AAAA-4C94-879E-2F74FDDFF423}"
EndProject
Project("{9A19103F-16F7-4668-BE54-9A1E7A4F7556}") = "Zafiro.Avalonia", "src\Zafiro.Avalonia\Zafiro.Avalonia.csproj", "{7E270C24-4440-4BDB-889D-6CA65C082AD1}"
EndProject
Project("{9A19103F-16F7-4668-BE54-9A1E7A4F7556}") = "Zafiro.Avalonia.Generators", "src\Zafiro.Avalonia.Generators\Zafiro.Avalonia.Generators.csproj", "{D2993F32-C840-4A28-BBC4-986DF7299073}"
EndProject
Project("{2150E333-8FDC-42A3-9474-1A3956D46DE8}") = "Other files", "Other files", "{5C17C740-EF9B-4539-92BB-43CE92250490}"
	ProjectSection(SolutionItems) = preProject
		azure-pipelines.yml = azure-pipelines.yml
		src\Common.props = src\Common.props
		Directory.Packages.props = Directory.Packages.props
	EndProjectSection
EndProject
Project("{FAE04EC0-301F-11D3-BF4B-00C04F79EFBC}") = "Zafiro.Avalonia.Icons.Svg", "src\Zafiro.Avalonia.Icons.Svg\Zafiro.Avalonia.Icons.Svg.csproj", "{0654A361-009C-4E76-BD70-37D76A9A47A7}"
EndProject
Project("{FAE04EC0-301F-11D3-BF4B-00C04F79EFBC}") = "Zafiro.Avalonia.Tests", "test\Zafiro.Avalonia.Tests\Zafiro.Avalonia.Tests.csproj", "{778F5A95-0F0C-4643-BA97-EBCA1FF5190D}"
EndProject
Project("{2150E333-8FDC-42A3-9474-1A3956D46DE8}") = "src", "src", "{827E0CD3-B72D-47B6-A68D-7590B98EB39B}"
EndProject
Project("{FAE04EC0-301F-11D3-BF4B-00C04F79EFBC}") = "Zafiro.Avalonia.Icons.Optris", "src\Zafiro.Avalonia.Icons.Optris\Zafiro.Avalonia.Icons.Optris.csproj", "{848F518F-4D69-4891-BDC1-81EFFCCE97EA}"
EndProject
Project("{2150E333-8FDC-42A3-9474-1A3956D46DE8}") = "templates", "templates", "{808186BE-9BD0-DD1D-D574-36EEAD1E7F8F}"
EndProject
Project("{FAE04EC0-301F-11D3-BF4B-00C04F79EFBC}") = "Zafiro.Avalonia.Templates", "templates\Zafiro.Avalonia.Templates\Zafiro.Avalonia.Templates.csproj", "{1F8387C7-A734-44B5-B3EB-45AC4E99B2DF}"
EndProject
Global
	GlobalSection(SolutionConfigurationPlatforms) = preSolution
		Debug|Any CPU = Debug|Any CPU
		Debug|x64 = Debug|x64
		Debug|x86 = Debug|x86
		Release|Any CPU = Release|Any CPU
		Release|x64 = Release|x64
		Release|x86 = Release|x86
	EndGlobalSection
	GlobalSection(ProjectConfigurationPlatforms) = postSolution
		{94A2F49C-AAAA-4C94-879E-2F74FDDFF423}.Debug|Any CPU.ActiveCfg = Debug|Any CPU
		{94A2F49C-AAAA-4C94-879E-2F74FDDFF423}.Debug|Any CPU.Build.0 = Debug|Any CPU
		{94A2F49C-AAAA-4C94-879E-2F74FDDFF423}.Debug|x64.ActiveCfg = Debug|Any CPU
		{94A2F49C-AAAA-4C94-879E-2F74FDDFF423}.Debug|x64.Build.0 = Debug|Any CPU
		{94A2F49C-AAAA-4C94-879E-2F74FDDFF423}.Debug|x86.ActiveCfg = Debug|Any CPU
		{94A2F49C-AAAA-4C94-879E-2F74FDDFF423}.Debug|x86.Build.0 = Debug|Any CPU
		{94A2F49C-AAAA-4C94-879E-2F74FDDFF423}.Release|Any CPU.ActiveCfg = Release|Any CPU
		{94A2F49C-AAAA-4C94-879E-2F74FDDFF423}.Release|Any CPU.Build.0 = Release|Any CPU
		{94A2F49C-AAAA-4C94-879E-2F74FDDFF423}.Release|x64.ActiveCfg = Release|Any CPU
		{94A2F49C-AAAA-4C94-879E-2F74FDDFF423}.Release|x64.Build.0 = Release|Any CPU
		{94A2F49C-AAAA-4C94-879E-2F74FDDFF423}.Release|x86.ActiveCfg = Release|Any CPU
		{94A2F49C-AAAA-4C94-879E-2F74FDDFF423}.Release|x86.Build.0 = Release|Any CPU
		{7E270C24-4440-4BDB-889D-6CA65C082AD1}.Debug|Any CPU.ActiveCfg = Debug|Any CPU
		{7E270C24-4440-4BDB-889D-6CA65C082AD1}.Debug|Any CPU.Build.0 = Debug|Any CPU
		{7E270C24-4440-4BDB-889D-6CA65C082AD1}.Debug|x64.ActiveCfg = Debug|Any CPU
		{7E270C24-4440-4BDB-889D-6CA65C082AD1}.Debug|x64.Build.0 = Debug|Any CPU
		{7E270C24-4440-4BDB-889D-6CA65C082AD1}.Debug|x86.ActiveCfg = Debug|Any CPU
		{7E270C24-4440-4BDB-889D-6CA65C082AD1}.Debug|x86.Build.0 = Debug|Any CPU
		{7E270C24-4440-4BDB-889D-6CA65C082AD1}.Release|Any CPU.ActiveCfg = Release|Any CPU
		{7E270C24-4440-4BDB-889D-6CA65C082AD1}.Release|Any CPU.Build.0 = Release|Any CPU
		{7E270C24-4440-4BDB-889D-6CA65C082AD1}.Release|x64.ActiveCfg = Release|Any CPU
		{7E270C24-4440-4BDB-889D-6CA65C082AD1}.Release|x64.Build.0 = Release|Any CPU
		{7E270C24-4440-4BDB-889D-6CA65C082AD1}.Release|x86.ActiveCfg = Release|Any CPU
		{7E270C24-4440-4BDB-889D-6CA65C082AD1}.Release|x86.Build.0 = Release|Any CPU
		{D2993F32-C840-4A28-BBC4-986DF7299073}.Debug|Any CPU.ActiveCfg = Debug|Any CPU
		{D2993F32-C840-4A28-BBC4-986DF7299073}.Debug|Any CPU.Build.0 = Debug|Any CPU
		{D2993F32-C840-4A28-BBC4-986DF7299073}.Debug|x64.ActiveCfg = Debug|Any CPU
		{D2993F32-C840-4A28-BBC4-986DF7299073}.Debug|x64.Build.0 = Debug|Any CPU
		{D2993F32-C840-4A28-BBC4-986DF7299073}.Debug|x86.ActiveCfg = Debug|Any CPU
		{D2993F32-C840-4A28-BBC4-986DF7299073}.Debug|x86.Build.0 = Debug|Any CPU
		{D2993F32-C840-4A28-BBC4-986DF7299073}.Release|Any CPU.ActiveCfg = Release|Any CPU
		{D2993F32-C840-4A28-BBC4-986DF7299073}.Release|Any CPU.Build.0 = Release|Any CPU
		{D2993F32-C840-4A28-BBC4-986DF7299073}.Release|x64.ActiveCfg = Release|Any CPU
		{D2993F32-C840-4A28-BBC4-986DF7299073}.Release|x64.Build.0 = Release|Any CPU
		{D2993F32-C840-4A28-BBC4-986DF7299073}.Release|x86.ActiveCfg = Release|Any CPU
		{D2993F32-C840-4A28-BBC4-986DF7299073}.Release|x86.Build.0 = Release|Any CPU
		{0654A361-009C-4E76-BD70-37D76A9A47A7}.Debug|Any CPU.ActiveCfg = Debug|Any CPU
		{0654A361-009C-4E76-BD70-37D76A9A47A7}.Debug|Any CPU.Build.0 = Debug|Any CPU
		{0654A361-009C-4E76-BD70-37D76A9A47A7}.Debug|x64.ActiveCfg = Debug|Any CPU
		{0654A361-009C-4E76-BD70-37D76A9A47A7}.Debug|x64.Build.0 = Debug|Any CPU
		{0654A361-009C-4E76-BD70-37D76A9A47A7}.Debug|x86.ActiveCfg = Debug|Any CPU
		{0654A361-009C-4E76-BD70-37D76A9A47A7}.Debug|x86.Build.0 = Debug|Any CPU
		{0654A361-009C-4E76-BD70-37D76A9A47A7}.Release|Any CPU.ActiveCfg = Release|Any CPU
		{0654A361-009C-4E76-BD70-37D76A9A47A7}.Release|Any CPU.Build.0 = Release|Any CPU
		{0654A361-009C-4E76-BD70-37D76A9A47A7}.Release|x64.ActiveCfg = Release|Any CPU
		{0654A361-009C-4E76-BD70-37D76A9A47A7}.Release|x64.Build.0 = Release|Any CPU
		{0654A361-009C-4E76-BD70-37D76A9A47A7}.Release|x86.ActiveCfg = Release|Any CPU
		{0654A361-009C-4E76-BD70-37D76A9A47A7}.Release|x86.Build.0 = Release|Any CPU
		{778F5A95-0F0C-4643-BA97-EBCA1FF5190D}.Debug|Any CPU.ActiveCfg = Debug|Any CPU
		{778F5A95-0F0C-4643-BA97-EBCA1FF5190D}.Debug|Any CPU.Build.0 = Debug|Any CPU
		{778F5A95-0F0C-4643-BA97-EBCA1FF5190D}.Debug|x64.ActiveCfg = Debug|Any CPU
		{778F5A95-0F0C-4643-BA97-EBCA1FF5190D}.Debug|x64.Build.0 = Debug|Any CPU
		{778F5A95-0F0C-4643-BA97-EBCA1FF5190D}.Debug|x86.ActiveCfg = Debug|Any CPU
		{778F5A95-0F0C-4643-BA97-EBCA1FF5190D}.Debug|x86.Build.0 = Debug|Any CPU
		{778F5A95-0F0C-4643-BA97-EBCA1FF5190D}.Release|Any CPU.ActiveCfg = Release|Any CPU
		{778F5A95-0F0C-4643-BA97-EBCA1FF5190D}.Release|Any CPU.Build.0 = Release|Any CPU
		{778F5A95-0F0C-4643-BA97-EBCA1FF5190D}.Release|x64.ActiveCfg = Release|Any CPU
		{778F5A95-0F0C-4643-BA97-EBCA1FF5190D}.Release|x64.Build.0 = Release|Any CPU
		{778F5A95-0F0C-4643-BA97-EBCA1FF5190D}.Release|x86.ActiveCfg = Release|Any CPU
		{778F5A95-0F0C-4643-BA97-EBCA1FF5190D}.Release|x86.Build.0 = Release|Any CPU
		{848F518F-4D69-4891-BDC1-81EFFCCE97EA}.Debug|Any CPU.ActiveCfg = Debug|Any CPU
		{848F518F-4D69-4891-BDC1-81EFFCCE97EA}.Debug|Any CPU.Build.0 = Debug|Any CPU
		{848F518F-4D69-4891-BDC1-81EFFCCE97EA}.Debug|x64.ActiveCfg = Debug|Any CPU
		{848F518F-4D69-4891-BDC1-81EFFCCE97EA}.Debug|x64.Build.0 = Debug|Any CPU
		{848F518F-4D69-4891-BDC1-81EFFCCE97EA}.Debug|x86.ActiveCfg = Debug|Any CPU
		{848F518F-4D69-4891-BDC1-81EFFCCE97EA}.Debug|x86.Build.0 = Debug|Any CPU
		{848F518F-4D69-4891-BDC1-81EFFCCE97EA}.Release|Any CPU.ActiveCfg = Release|Any CPU
		{848F518F-4D69-4891-BDC1-81EFFCCE97EA}.Release|Any CPU.Build.0 = Release|Any CPU
		{848F518F-4D69-4891-BDC1-81EFFCCE97EA}.Release|x64.ActiveCfg = Release|Any CPU
		{848F518F-4D69-4891-BDC1-81EFFCCE97EA}.Release|x64.Build.0 = Release|Any CPU
		{848F518F-4D69-4891-BDC1-81EFFCCE97EA}.Release|x86.ActiveCfg = Release|Any CPU
		{848F518F-4D69-4891-BDC1-81EFFCCE97EA}.Release|x86.Build.0 = Release|Any CPU
		{1F8387C7-A734-44B5-B3EB-45AC4E99B2DF}.Debug|Any CPU.ActiveCfg = Debug|Any CPU
		{1F8387C7-A734-44B5-B3EB-45AC4E99B2DF}.Debug|Any CPU.Build.0 = Debug|Any CPU
		{1F8387C7-A734-44B5-B3EB-45AC4E99B2DF}.Debug|x64.ActiveCfg = Debug|Any CPU
		{1F8387C7-A734-44B5-B3EB-45AC4E99B2DF}.Debug|x64.Build.0 = Debug|Any CPU
		{1F8387C7-A734-44B5-B3EB-45AC4E99B2DF}.Debug|x86.ActiveCfg = Debug|Any CPU
		{1F8387C7-A734-44B5-B3EB-45AC4E99B2DF}.Debug|x86.Build.0 = Debug|Any CPU
		{1F8387C7-A734-44B5-B3EB-45AC4E99B2DF}.Release|Any CPU.ActiveCfg = Release|Any CPU
		{1F8387C7-A734-44B5-B3EB-45AC4E99B2DF}.Release|Any CPU.Build.0 = Release|Any CPU
		{1F8387C7-A734-44B5-B3EB-45AC4E99B2DF}.Release|x64.ActiveCfg = Release|Any CPU
		{1F8387C7-A734-44B5-B3EB-45AC4E99B2DF}.Release|x64.Build.0 = Release|Any CPU
		{1F8387C7-A734-44B5-B3EB-45AC4E99B2DF}.Release|x86.ActiveCfg = Release|Any CPU
		{1F8387C7-A734-44B5-B3EB-45AC4E99B2DF}.Release|x86.Build.0 = Release|Any CPU
	EndGlobalSection
	GlobalSection(SolutionProperties) = preSolution
		HideSolutionNode = FALSE
	EndGlobalSection
	GlobalSection(NestedProjects) = preSolution
		{848F518F-4D69-4891-BDC1-81EFFCCE97EA} = {827E0CD3-B72D-47B6-A68D-7590B98EB39B}
		{1F8387C7-A734-44B5-B3EB-45AC4E99B2DF} = {808186BE-9BD0-DD1D-D574-36EEAD1E7F8F}
	EndGlobalSection
	GlobalSection(ExtensibilityGlobals) = postSolution
		SolutionGuid = {E64CD420-15B1-487C-9806-41EBE6DC15A4}
	EndGlobalSection
EndGlobal
